
Microsoft Visual Studio Solution File, Format Version 12.00
Project("{2150E333-8FDC-42A3-9474-1A3956D46DE8}") = "src", "src", "{6E358139-DA5A-4BEE-92D4-2D0099D5783C}"
EndProject
Project("{FAE04EC0-301F-11D3-BF4B-00C04F79EFBC}") = "MunitSHub", "src\MunitSHub\MunitSHub.csproj", "{E5E16F0C-F8D1-48FC-AD83-2542667FAD21}"
EndProject
Project("{FAE04EC0-301F-11D3-BF4B-00C04F79EFBC}") = "MunitSHub.Domain", "src\MunitSHub.Domain\MunitSHub.Domain.csproj", "{1374667C-82C6-441F-B8EB-E32E3946BE4E}"
EndProject
Project("{FAE04EC0-301F-11D3-BF4B-00C04F79EFBC}") = "MunitSHub.Infrastructure", "src\MunitSHub.Infrastructure\MunitSHub.Infrastructure.csproj", "{5FD4D701-1161-4B8D-8B99-5E7E137B8746}"
EndProject
Project("{FAE04EC0-301F-11D3-BF4B-00C04F79EFBC}") = "MunitSHub.UseCases", "src\MunitSHub.UseCases\MunitSHub.UseCases.csproj", "{71998DFA-CE60-4D6F-A2CC-0544E9E3FCCC}"
EndProject
Project("{FAE04EC0-301F-11D3-BF4B-00C04F79EFBC}") = "MunitSHub.Protos", "src\MunitSHub.Protos\MunitSHub.Protos.csproj", "{39E4FDF7-5336-4230-BE50-C22DD52F1D26}"
EndProject
Global
	GlobalSection(SolutionConfigurationPlatforms) = preSolution
		Debug|Any CPU = Debug|Any CPU
		Release|Any CPU = Release|Any CPU
	EndGlobalSection
	GlobalSection(ProjectConfigurationPlatforms) = postSolution
		{E5E16F0C-F8D1-48FC-AD83-2542667FAD21}.Debug|Any CPU.ActiveCfg = Debug|Any CPU
		{E5E16F0C-F8D1-48FC-AD83-2542667FAD21}.Debug|Any CPU.Build.0 = Debug|Any CPU
		{E5E16F0C-F8D1-48FC-AD83-2542667FAD21}.Release|Any CPU.ActiveCfg = Release|Any CPU
		{E5E16F0C-F8D1-48FC-AD83-2542667FAD21}.Release|Any CPU.Build.0 = Release|Any CPU
		{1374667C-82C6-441F-B8EB-E32E3946BE4E}.Debug|Any CPU.ActiveCfg = Debug|Any CPU
		{1374667C-82C6-441F-B8EB-E32E3946BE4E}.Debug|Any CPU.Build.0 = Debug|Any CPU
		{1374667C-82C6-441F-B8EB-E32E3946BE4E}.Release|Any CPU.ActiveCfg = Release|Any CPU
		{1374667C-82C6-441F-B8EB-E32E3946BE4E}.Release|Any CPU.Build.0 = Release|Any CPU
		{5FD4D701-1161-4B8D-8B99-5E7E137B8746}.Debug|Any CPU.ActiveCfg = Debug|Any CPU
		{5FD4D701-1161-4B8D-8B99-5E7E137B8746}.Debug|Any CPU.Build.0 = Debug|Any CPU
		{5FD4D701-1161-4B8D-8B99-5E7E137B8746}.Release|Any CPU.ActiveCfg = Release|Any CPU
		{5FD4D701-1161-4B8D-8B99-5E7E137B8746}.Release|Any CPU.Build.0 = Release|Any CPU
		{71998DFA-CE60-4D6F-A2CC-0544E9E3FCCC}.Debug|Any CPU.ActiveCfg = Debug|Any CPU
		{71998DFA-CE60-4D6F-A2CC-0544E9E3FCCC}.Debug|Any CPU.Build.0 = Debug|Any CPU
		{71998DFA-CE60-4D6F-A2CC-0544E9E3FCCC}.Release|Any CPU.ActiveCfg = Release|Any CPU
		{71998DFA-CE60-4D6F-A2CC-0544E9E3FCCC}.Release|Any CPU.Build.0 = Release|Any CPU
		{39E4FDF7-5336-4230-BE50-C22DD52F1D26}.Debug|Any CPU.ActiveCfg = Debug|Any CPU
		{39E4FDF7-5336-4230-BE50-C22DD52F1D26}.Debug|Any CPU.Build.0 = Debug|Any CPU
		{39E4FDF7-5336-4230-BE50-C22DD52F1D26}.Release|Any CPU.ActiveCfg = Release|Any CPU
		{39E4FDF7-5336-4230-BE50-C22DD52F1D26}.Release|Any CPU.Build.0 = Release|Any CPU
	EndGlobalSection
	GlobalSection(NestedProjects) = preSolution
		{E5E16F0C-F8D1-48FC-AD83-2542667FAD21} = {6E358139-DA5A-4BEE-92D4-2D0099D5783C}
		{1374667C-82C6-441F-B8EB-E32E3946BE4E} = {6E358139-DA5A-4BEE-92D4-2D0099D5783C}
		{5FD4D701-1161-4B8D-8B99-5E7E137B8746} = {6E358139-DA5A-4BEE-92D4-2D0099D5783C}
		{71998DFA-CE60-4D6F-A2CC-0544E9E3FCCC} = {6E358139-DA5A-4BEE-92D4-2D0099D5783C}
		{39E4FDF7-5336-4230-BE50-C22DD52F1D26} = {6E358139-DA5A-4BEE-92D4-2D0099D5783C}
	EndGlobalSection
EndGlobal
